
Microsoft Visual Studio Solution File, Format Version 12.00
# Visual Studio 14
VisualStudioVersion = 14.0.22823.1
MinimumVisualStudioVersion = 10.0.40219.1
Project("{8BB2217D-0F2D-49D1-97BC-3654ED321F3B}") = "VitalChoice.Data", "src\VitalChoice.Data\VitalChoice.Data.xproj", "{E9B8CD81-EC30-494B-A111-44D3FB77D20D}"
	ProjectSection(ProjectDependencies) = postProject
		{ED03D8D2-FADE-4C4A-A94D-8DCBDC134C35} = {ED03D8D2-FADE-4C4A-A94D-8DCBDC134C35}
	EndProjectSection
EndProject
Project("{8BB2217D-0F2D-49D1-97BC-3654ED321F3B}") = "VitalChoice.Domain", "src\VitalChoice.Domain\VitalChoice.Domain.xproj", "{ED03D8D2-FADE-4C4A-A94D-8DCBDC134C35}"
EndProject
Project("{8BB2217D-0F2D-49D1-97BC-3654ED321F3B}") = "VC.Admin", "src\VC.Admin\VC.Admin.xproj", "{709A4F7F-49E0-42EB-AC37-B266D77E0F11}"
	ProjectSection(ProjectDependencies) = postProject
		{E9B8CD81-EC30-494B-A111-44D3FB77D20D} = {E9B8CD81-EC30-494B-A111-44D3FB77D20D}
		{79BDB4CD-1526-48F9-9964-DC433AD6548C} = {79BDB4CD-1526-48F9-9964-DC433AD6548C}
		{ED03D8D2-FADE-4C4A-A94D-8DCBDC134C35} = {ED03D8D2-FADE-4C4A-A94D-8DCBDC134C35}
		{FAF3B0D8-3E00-4901-8EFE-ED7029FEA3D7} = {FAF3B0D8-3E00-4901-8EFE-ED7029FEA3D7}
		{A45FADFE-6B80-43B7-9A2F-AA766F3480B0} = {A45FADFE-6B80-43B7-9A2F-AA766F3480B0}
	EndProjectSection
EndProject
Project("{8BB2217D-0F2D-49D1-97BC-3654ED321F3B}") = "VitalChoice.Infrastructure", "src\VitalChoice.Infrastructure\VitalChoice.Infrastructure.xproj", "{FAF3B0D8-3E00-4901-8EFE-ED7029FEA3D7}"
	ProjectSection(ProjectDependencies) = postProject
		{E9B8CD81-EC30-494B-A111-44D3FB77D20D} = {E9B8CD81-EC30-494B-A111-44D3FB77D20D}
		{ED03D8D2-FADE-4C4A-A94D-8DCBDC134C35} = {ED03D8D2-FADE-4C4A-A94D-8DCBDC134C35}
	EndProjectSection
EndProject
Project("{8BB2217D-0F2D-49D1-97BC-3654ED321F3B}") = "VitalChoice.Core", "src\VitalChoice.Core\VitalChoice.Core.xproj", "{A45FADFE-6B80-43B7-9A2F-AA766F3480B0}"
	ProjectSection(ProjectDependencies) = postProject
		{E9B8CD81-EC30-494B-A111-44D3FB77D20D} = {E9B8CD81-EC30-494B-A111-44D3FB77D20D}
		{79BDB4CD-1526-48F9-9964-DC433AD6548C} = {79BDB4CD-1526-48F9-9964-DC433AD6548C}
		{ED03D8D2-FADE-4C4A-A94D-8DCBDC134C35} = {ED03D8D2-FADE-4C4A-A94D-8DCBDC134C35}
		{FAF3B0D8-3E00-4901-8EFE-ED7029FEA3D7} = {FAF3B0D8-3E00-4901-8EFE-ED7029FEA3D7}
	EndProjectSection
EndProject
Project("{2150E333-8FDC-42A3-9474-1A3956D46DE8}") = "src", "src", "{FE1D5CD3-4181-4B60-A4F3-66AC9C8DC333}"
	ProjectSection(SolutionItems) = preProject
		src\nlog.config = src\nlog.config
	EndProjectSection
EndProject
Project("{2150E333-8FDC-42A3-9474-1A3956D46DE8}") = "Solution Items", "Solution Items", "{B879DD49-6DC2-4527-8FA2-A43136C56929}"
	ProjectSection(SolutionItems) = preProject
		global.json = global.json
	EndProjectSection
	ProjectSection(FolderGlobals) = preProject
		global_1json__JSONSchema = http://json.schemastore.org/global
	EndProjectSection
EndProject
Project("{00D1A9C2-B5F0-4AF3-8072-F6C62B433612}") = "VitalChoice.Database.Infrastructure", "src\VitalChoice.Database.Infrastructure\VitalChoice.Database.Infrastructure.sqlproj", "{D6DA9079-67FE-4CFE-98CB-3711C8313E88}"
EndProject
Project("{00D1A9C2-B5F0-4AF3-8072-F6C62B433612}") = "VitalChoice.Database.Ecommerce", "src\VitalChoice.Database.Ecommerce\VitalChoice.Database.Ecommerce.sqlproj", "{3B44A066-17A4-46D2-B7D1-7E67BA6AA8D0}"
EndProject
Project("{2150E333-8FDC-42A3-9474-1A3956D46DE8}") = "Database", "Database", "{3B3E46E5-2CFB-4D1D-8DEF-4B47C5EF6055}"
EndProject
Project("{8BB2217D-0F2D-49D1-97BC-3654ED321F3B}") = "VC.Public", "src\VC.Public\VC.Public.xproj", "{0E932C0D-6F22-4866-9771-C4DD79564E3E}"
EndProject
Project("{8BB2217D-0F2D-49D1-97BC-3654ED321F3B}") = "VitalChoice.Business", "src\VitalChoice.Business\VitalChoice.Business.xproj", "{79BDB4CD-1526-48F9-9964-DC433AD6548C}"
EndProject
Project("{2150E333-8FDC-42A3-9474-1A3956D46DE8}") = "deploy", "deploy", "{BEC47AD2-C420-4C81-A32E-2229FAC8C5CA}"
	ProjectSection(SolutionItems) = preProject
		deploy\build-all.cmd = deploy\build-all.cmd
		deploy\build-only.ps1 = deploy\build-only.ps1
		deploy\exclude_projects.ps1 = deploy\exclude_projects.ps1
		deploy\functions.ps1 = deploy\functions.ps1
		deploy\global-deploy.ps1 = deploy\global-deploy.ps1
		deploy\run-all-published.ps1 = deploy\run-all-published.ps1
	EndProjectSection
EndProject
Project("{2150E333-8FDC-42A3-9474-1A3956D46DE8}") = "update-dnx", "update-dnx", "{82696B3D-EE83-49A0-B389-BC86ECF43930}"
	ProjectSection(SolutionItems) = preProject
		deploy\update-dnx\update-all-runtimes.ps1 = deploy\update-dnx\update-all-runtimes.ps1
		deploy\update-dnx\update-all.cmd = deploy\update-dnx\update-all.cmd
	EndProjectSection
EndProject
Project("{8BB2217D-0F2D-49D1-97BC-3654ED321F3B}") = "VitalChoice.Workflow", "src\VitalChoice.Workflow\VitalChoice.Workflow.xproj", "{040DC8D8-338F-48C0-BFF7-67B6D30F3914}"
EndProject
Project("{8BB2217D-0F2D-49D1-97BC-3654ED321F3B}") = "VitalChoice.Interfaces", "src\VitalChoice.Interfaces\VitalChoice.Interfaces.xproj", "{6AFF09BC-F32E-4ABC-99B7-5010A4A5CB59}"
EndProject
Project("{8BB2217D-0F2D-49D1-97BC-3654ED321F3B}") = "VitalChoice.Validation", "src\VitalChoice.Validation\VitalChoice.Validation.xproj", "{E2CA7CD6-71C9-47F1-8BE2-CDC5C368FD3A}"
EndProject
Project("{8BB2217D-0F2D-49D1-97BC-3654ED321F3B}") = "VitalChoice.DynamicData", "src\VitalChoice.DynamicData\VitalChoice.DynamicData.xproj", "{8D005F15-ECDC-415B-817B-ECC919FB36CC}"
EndProject
Global
	GlobalSection(SolutionConfigurationPlatforms) = preSolution
		Debug|Any CPU = Debug|Any CPU
		Debug|x64 = Debug|x64
		Release|Any CPU = Release|Any CPU
		Release|x64 = Release|x64
	EndGlobalSection
	GlobalSection(ProjectConfigurationPlatforms) = postSolution
		{E9B8CD81-EC30-494B-A111-44D3FB77D20D}.Debug|Any CPU.ActiveCfg = Release|Any CPU
		{E9B8CD81-EC30-494B-A111-44D3FB77D20D}.Debug|Any CPU.Build.0 = Release|Any CPU
		{E9B8CD81-EC30-494B-A111-44D3FB77D20D}.Debug|x64.ActiveCfg = Debug|Any CPU
		{E9B8CD81-EC30-494B-A111-44D3FB77D20D}.Debug|x64.Build.0 = Debug|Any CPU
		{E9B8CD81-EC30-494B-A111-44D3FB77D20D}.Release|Any CPU.ActiveCfg = Release|Any CPU
		{E9B8CD81-EC30-494B-A111-44D3FB77D20D}.Release|Any CPU.Build.0 = Release|Any CPU
		{E9B8CD81-EC30-494B-A111-44D3FB77D20D}.Release|x64.ActiveCfg = Release|Any CPU
		{E9B8CD81-EC30-494B-A111-44D3FB77D20D}.Release|x64.Build.0 = Release|Any CPU
		{ED03D8D2-FADE-4C4A-A94D-8DCBDC134C35}.Debug|Any CPU.ActiveCfg = Release|Any CPU
		{ED03D8D2-FADE-4C4A-A94D-8DCBDC134C35}.Debug|Any CPU.Build.0 = Release|Any CPU
		{ED03D8D2-FADE-4C4A-A94D-8DCBDC134C35}.Debug|x64.ActiveCfg = Debug|Any CPU
		{ED03D8D2-FADE-4C4A-A94D-8DCBDC134C35}.Debug|x64.Build.0 = Debug|Any CPU
		{ED03D8D2-FADE-4C4A-A94D-8DCBDC134C35}.Release|Any CPU.ActiveCfg = Release|Any CPU
		{ED03D8D2-FADE-4C4A-A94D-8DCBDC134C35}.Release|Any CPU.Build.0 = Release|Any CPU
		{ED03D8D2-FADE-4C4A-A94D-8DCBDC134C35}.Release|x64.ActiveCfg = Release|Any CPU
		{ED03D8D2-FADE-4C4A-A94D-8DCBDC134C35}.Release|x64.Build.0 = Release|Any CPU
		{709A4F7F-49E0-42EB-AC37-B266D77E0F11}.Debug|Any CPU.ActiveCfg = Release|Any CPU
		{709A4F7F-49E0-42EB-AC37-B266D77E0F11}.Debug|Any CPU.Build.0 = Release|Any CPU
		{709A4F7F-49E0-42EB-AC37-B266D77E0F11}.Debug|x64.ActiveCfg = Debug|Any CPU
		{709A4F7F-49E0-42EB-AC37-B266D77E0F11}.Debug|x64.Build.0 = Debug|Any CPU
		{709A4F7F-49E0-42EB-AC37-B266D77E0F11}.Release|Any CPU.ActiveCfg = Release|Any CPU
		{709A4F7F-49E0-42EB-AC37-B266D77E0F11}.Release|Any CPU.Build.0 = Release|Any CPU
		{709A4F7F-49E0-42EB-AC37-B266D77E0F11}.Release|x64.ActiveCfg = Release|Any CPU
		{709A4F7F-49E0-42EB-AC37-B266D77E0F11}.Release|x64.Build.0 = Release|Any CPU
		{FAF3B0D8-3E00-4901-8EFE-ED7029FEA3D7}.Debug|Any CPU.ActiveCfg = Release|Any CPU
		{FAF3B0D8-3E00-4901-8EFE-ED7029FEA3D7}.Debug|Any CPU.Build.0 = Release|Any CPU
		{FAF3B0D8-3E00-4901-8EFE-ED7029FEA3D7}.Debug|x64.ActiveCfg = Debug|Any CPU
		{FAF3B0D8-3E00-4901-8EFE-ED7029FEA3D7}.Debug|x64.Build.0 = Debug|Any CPU
		{FAF3B0D8-3E00-4901-8EFE-ED7029FEA3D7}.Release|Any CPU.ActiveCfg = Release|Any CPU
		{FAF3B0D8-3E00-4901-8EFE-ED7029FEA3D7}.Release|Any CPU.Build.0 = Release|Any CPU
		{FAF3B0D8-3E00-4901-8EFE-ED7029FEA3D7}.Release|x64.ActiveCfg = Release|Any CPU
		{FAF3B0D8-3E00-4901-8EFE-ED7029FEA3D7}.Release|x64.Build.0 = Release|Any CPU
		{A45FADFE-6B80-43B7-9A2F-AA766F3480B0}.Debug|Any CPU.ActiveCfg = Release|Any CPU
		{A45FADFE-6B80-43B7-9A2F-AA766F3480B0}.Debug|Any CPU.Build.0 = Release|Any CPU
		{A45FADFE-6B80-43B7-9A2F-AA766F3480B0}.Debug|x64.ActiveCfg = Debug|Any CPU
		{A45FADFE-6B80-43B7-9A2F-AA766F3480B0}.Debug|x64.Build.0 = Debug|Any CPU
		{A45FADFE-6B80-43B7-9A2F-AA766F3480B0}.Release|Any CPU.ActiveCfg = Release|Any CPU
		{A45FADFE-6B80-43B7-9A2F-AA766F3480B0}.Release|Any CPU.Build.0 = Release|Any CPU
		{A45FADFE-6B80-43B7-9A2F-AA766F3480B0}.Release|x64.ActiveCfg = Release|Any CPU
		{A45FADFE-6B80-43B7-9A2F-AA766F3480B0}.Release|x64.Build.0 = Release|Any CPU
		{D6DA9079-67FE-4CFE-98CB-3711C8313E88}.Debug|Any CPU.ActiveCfg = Release|Any CPU
		{D6DA9079-67FE-4CFE-98CB-3711C8313E88}.Debug|Any CPU.Build.0 = Release|Any CPU
		{D6DA9079-67FE-4CFE-98CB-3711C8313E88}.Debug|x64.ActiveCfg = Debug|Any CPU
		{D6DA9079-67FE-4CFE-98CB-3711C8313E88}.Debug|x64.Build.0 = Debug|Any CPU
		{D6DA9079-67FE-4CFE-98CB-3711C8313E88}.Release|Any CPU.ActiveCfg = Release|Any CPU
		{D6DA9079-67FE-4CFE-98CB-3711C8313E88}.Release|Any CPU.Build.0 = Release|Any CPU
		{D6DA9079-67FE-4CFE-98CB-3711C8313E88}.Release|x64.ActiveCfg = Release|Any CPU
		{D6DA9079-67FE-4CFE-98CB-3711C8313E88}.Release|x64.Build.0 = Release|Any CPU
		{3B44A066-17A4-46D2-B7D1-7E67BA6AA8D0}.Debug|Any CPU.ActiveCfg = Release|Any CPU
		{3B44A066-17A4-46D2-B7D1-7E67BA6AA8D0}.Debug|Any CPU.Build.0 = Release|Any CPU
		{3B44A066-17A4-46D2-B7D1-7E67BA6AA8D0}.Debug|x64.ActiveCfg = Debug|Any CPU
		{3B44A066-17A4-46D2-B7D1-7E67BA6AA8D0}.Debug|x64.Build.0 = Debug|Any CPU
		{3B44A066-17A4-46D2-B7D1-7E67BA6AA8D0}.Release|Any CPU.ActiveCfg = Release|Any CPU
		{3B44A066-17A4-46D2-B7D1-7E67BA6AA8D0}.Release|Any CPU.Build.0 = Release|Any CPU
		{3B44A066-17A4-46D2-B7D1-7E67BA6AA8D0}.Release|x64.ActiveCfg = Release|Any CPU
		{3B44A066-17A4-46D2-B7D1-7E67BA6AA8D0}.Release|x64.Build.0 = Release|Any CPU
		{0E932C0D-6F22-4866-9771-C4DD79564E3E}.Debug|Any CPU.ActiveCfg = Release|Any CPU
		{0E932C0D-6F22-4866-9771-C4DD79564E3E}.Debug|Any CPU.Build.0 = Release|Any CPU
		{0E932C0D-6F22-4866-9771-C4DD79564E3E}.Debug|x64.ActiveCfg = Debug|Any CPU
		{0E932C0D-6F22-4866-9771-C4DD79564E3E}.Debug|x64.Build.0 = Debug|Any CPU
		{0E932C0D-6F22-4866-9771-C4DD79564E3E}.Release|Any CPU.ActiveCfg = Release|Any CPU
		{0E932C0D-6F22-4866-9771-C4DD79564E3E}.Release|Any CPU.Build.0 = Release|Any CPU
		{0E932C0D-6F22-4866-9771-C4DD79564E3E}.Release|x64.ActiveCfg = Release|Any CPU
		{0E932C0D-6F22-4866-9771-C4DD79564E3E}.Release|x64.Build.0 = Release|Any CPU
		{79BDB4CD-1526-48F9-9964-DC433AD6548C}.Debug|Any CPU.ActiveCfg = Release|Any CPU
		{79BDB4CD-1526-48F9-9964-DC433AD6548C}.Debug|Any CPU.Build.0 = Release|Any CPU
		{79BDB4CD-1526-48F9-9964-DC433AD6548C}.Debug|x64.ActiveCfg = Debug|Any CPU
		{79BDB4CD-1526-48F9-9964-DC433AD6548C}.Debug|x64.Build.0 = Debug|Any CPU
		{79BDB4CD-1526-48F9-9964-DC433AD6548C}.Release|Any CPU.ActiveCfg = Release|Any CPU
		{79BDB4CD-1526-48F9-9964-DC433AD6548C}.Release|Any CPU.Build.0 = Release|Any CPU
		{79BDB4CD-1526-48F9-9964-DC433AD6548C}.Release|x64.ActiveCfg = Release|Any CPU
		{79BDB4CD-1526-48F9-9964-DC433AD6548C}.Release|x64.Build.0 = Release|Any CPU
		{040DC8D8-338F-48C0-BFF7-67B6D30F3914}.Debug|Any CPU.ActiveCfg = Release|Any CPU
		{040DC8D8-338F-48C0-BFF7-67B6D30F3914}.Debug|Any CPU.Build.0 = Release|Any CPU
		{040DC8D8-338F-48C0-BFF7-67B6D30F3914}.Debug|x64.ActiveCfg = Debug|Any CPU
		{040DC8D8-338F-48C0-BFF7-67B6D30F3914}.Debug|x64.Build.0 = Debug|Any CPU
		{040DC8D8-338F-48C0-BFF7-67B6D30F3914}.Release|Any CPU.ActiveCfg = Release|Any CPU
		{040DC8D8-338F-48C0-BFF7-67B6D30F3914}.Release|Any CPU.Build.0 = Release|Any CPU
		{040DC8D8-338F-48C0-BFF7-67B6D30F3914}.Release|x64.ActiveCfg = Release|Any CPU
		{040DC8D8-338F-48C0-BFF7-67B6D30F3914}.Release|x64.Build.0 = Release|Any CPU
		{6AFF09BC-F32E-4ABC-99B7-5010A4A5CB59}.Debug|Any CPU.ActiveCfg = Release|Any CPU
		{6AFF09BC-F32E-4ABC-99B7-5010A4A5CB59}.Debug|Any CPU.Build.0 = Release|Any CPU
		{6AFF09BC-F32E-4ABC-99B7-5010A4A5CB59}.Debug|x64.ActiveCfg = Debug|Any CPU
		{6AFF09BC-F32E-4ABC-99B7-5010A4A5CB59}.Debug|x64.Build.0 = Debug|Any CPU
		{6AFF09BC-F32E-4ABC-99B7-5010A4A5CB59}.Release|Any CPU.ActiveCfg = Release|Any CPU
		{6AFF09BC-F32E-4ABC-99B7-5010A4A5CB59}.Release|Any CPU.Build.0 = Release|Any CPU
		{6AFF09BC-F32E-4ABC-99B7-5010A4A5CB59}.Release|x64.ActiveCfg = Release|Any CPU
		{6AFF09BC-F32E-4ABC-99B7-5010A4A5CB59}.Release|x64.Build.0 = Release|Any CPU
		{E2CA7CD6-71C9-47F1-8BE2-CDC5C368FD3A}.Debug|Any CPU.ActiveCfg = Release|Any CPU
		{E2CA7CD6-71C9-47F1-8BE2-CDC5C368FD3A}.Debug|Any CPU.Build.0 = Release|Any CPU
		{E2CA7CD6-71C9-47F1-8BE2-CDC5C368FD3A}.Debug|x64.ActiveCfg = Debug|Any CPU
		{E2CA7CD6-71C9-47F1-8BE2-CDC5C368FD3A}.Debug|x64.Build.0 = Debug|Any CPU
		{E2CA7CD6-71C9-47F1-8BE2-CDC5C368FD3A}.Release|Any CPU.ActiveCfg = Release|Any CPU
		{E2CA7CD6-71C9-47F1-8BE2-CDC5C368FD3A}.Release|Any CPU.Build.0 = Release|Any CPU
		{E2CA7CD6-71C9-47F1-8BE2-CDC5C368FD3A}.Release|x64.ActiveCfg = Release|Any CPU
		{E2CA7CD6-71C9-47F1-8BE2-CDC5C368FD3A}.Release|x64.Build.0 = Release|Any CPU
		{8D005F15-ECDC-415B-817B-ECC919FB36CC}.Debug|Any CPU.ActiveCfg = Release|Any CPU
		{8D005F15-ECDC-415B-817B-ECC919FB36CC}.Debug|Any CPU.Build.0 = Release|Any CPU
		{8D005F15-ECDC-415B-817B-ECC919FB36CC}.Debug|x64.ActiveCfg = Debug|Any CPU
		{8D005F15-ECDC-415B-817B-ECC919FB36CC}.Debug|x64.Build.0 = Debug|Any CPU
		{8D005F15-ECDC-415B-817B-ECC919FB36CC}.Release|Any CPU.ActiveCfg = Release|Any CPU
		{8D005F15-ECDC-415B-817B-ECC919FB36CC}.Release|Any CPU.Build.0 = Release|Any CPU
		{8D005F15-ECDC-415B-817B-ECC919FB36CC}.Release|x64.ActiveCfg = Release|Any CPU
		{8D005F15-ECDC-415B-817B-ECC919FB36CC}.Release|x64.Build.0 = Release|Any CPU
	EndGlobalSection
	GlobalSection(SolutionProperties) = preSolution
		HideSolutionNode = FALSE
	EndGlobalSection
	GlobalSection(NestedProjects) = preSolution
		{E9B8CD81-EC30-494B-A111-44D3FB77D20D} = {FE1D5CD3-4181-4B60-A4F3-66AC9C8DC333}
		{ED03D8D2-FADE-4C4A-A94D-8DCBDC134C35} = {FE1D5CD3-4181-4B60-A4F3-66AC9C8DC333}
		{709A4F7F-49E0-42EB-AC37-B266D77E0F11} = {FE1D5CD3-4181-4B60-A4F3-66AC9C8DC333}
		{FAF3B0D8-3E00-4901-8EFE-ED7029FEA3D7} = {FE1D5CD3-4181-4B60-A4F3-66AC9C8DC333}
		{A45FADFE-6B80-43B7-9A2F-AA766F3480B0} = {FE1D5CD3-4181-4B60-A4F3-66AC9C8DC333}
		{D6DA9079-67FE-4CFE-98CB-3711C8313E88} = {3B3E46E5-2CFB-4D1D-8DEF-4B47C5EF6055}
		{3B44A066-17A4-46D2-B7D1-7E67BA6AA8D0} = {3B3E46E5-2CFB-4D1D-8DEF-4B47C5EF6055}
		{3B3E46E5-2CFB-4D1D-8DEF-4B47C5EF6055} = {FE1D5CD3-4181-4B60-A4F3-66AC9C8DC333}
		{0E932C0D-6F22-4866-9771-C4DD79564E3E} = {FE1D5CD3-4181-4B60-A4F3-66AC9C8DC333}
		{79BDB4CD-1526-48F9-9964-DC433AD6548C} = {FE1D5CD3-4181-4B60-A4F3-66AC9C8DC333}
		{82696B3D-EE83-49A0-B389-BC86ECF43930} = {BEC47AD2-C420-4C81-A32E-2229FAC8C5CA}
		{040DC8D8-338F-48C0-BFF7-67B6D30F3914} = {FE1D5CD3-4181-4B60-A4F3-66AC9C8DC333}
		{6AFF09BC-F32E-4ABC-99B7-5010A4A5CB59} = {FE1D5CD3-4181-4B60-A4F3-66AC9C8DC333}
		{E2CA7CD6-71C9-47F1-8BE2-CDC5C368FD3A} = {FE1D5CD3-4181-4B60-A4F3-66AC9C8DC333}
		{8D005F15-ECDC-415B-817B-ECC919FB36CC} = {FE1D5CD3-4181-4B60-A4F3-66AC9C8DC333}
	EndGlobalSection
EndGlobal
