
Microsoft Visual Studio Solution File, Format Version 12.00
# Visual Studio 14
VisualStudioVersion = 14.0.22310.1
MinimumVisualStudioVersion = 10.0.40219.1
Project("{2150E333-8FDC-42A3-9474-1A3956D46DE8}") = "src", "src", "{DDF62098-78D4-4AAF-B25F-84EEB32C65DE}"
EndProject
Project("{8BB2217D-0F2D-49D1-97BC-3654ED321F3B}") = "VitalChoice_vNext", "src\VitalChoice_vNext\VitalChoice_vNext.kproj", "{6DF85F20-7D8E-4DB9-BAA7-A1FA071D403A}"
EndProject
Project("{2150E333-8FDC-42A3-9474-1A3956D46DE8}") = "Solution Items", "Solution Items", "{64F90661-44FA-4B64-B8F7-DBADAB957C74}"
	ProjectSection(SolutionItems) = preProject
		global.json = global.json
	EndProjectSection
EndProject
Project("{FAE04EC0-301F-11D3-BF4B-00C04F79EFBC}") = "DAL", "DAL\DAL.csproj", "{9632C257-499D-439C-BBD7-1AC5FB93D7D5}"
EndProject
Project("{FAE04EC0-301F-11D3-BF4B-00C04F79EFBC}") = "BLL", "BLL\BLL.csproj", "{ADA697F2-B268-4630-B25F-AB585DFB643C}"
EndProject
Project("{FAE04EC0-301F-11D3-BF4B-00C04F79EFBC}") = "VitalChoice.Data", "VitalChoice.Data\VitalChoice.Data.csproj", "{17F62BF4-49C6-4C72-8E58-F8C16C9D87AC}"
EndProject
Project("{FAE04EC0-301F-11D3-BF4B-00C04F79EFBC}") = "VItalChoice.Business", "VItalChoice.Business\VItalChoice.Business.csproj", "{1F321640-EB21-42E4-8946-0B824D633CEE}"
EndProject
Project("{FAE04EC0-301F-11D3-BF4B-00C04F79EFBC}") = "VitalChoice.Entities", "VitalChoice.Entities\VitalChoice.Entities.csproj", "{7E469C2C-AA10-4112-83A6-EA6A38A0223A}"
EndProject
Project("{FAE04EC0-301F-11D3-BF4B-00C04F79EFBC}") = "VItalChoice.Infrastructure", "VItalChoice.Infrastructure\VItalChoice.Infrastructure.csproj", "{25852B2B-D00C-4E6A-A77E-555192414447}"
EndProject
Project("{2150E333-8FDC-42A3-9474-1A3956D46DE8}") = "Tests", "Tests", "{B12C3C32-D25B-4D9A-A228-ED6D1ECA1197}"
EndProject
Project("{FAE04EC0-301F-11D3-BF4B-00C04F79EFBC}") = "VitalChoice.Business.Tests", "VitalChoice.Business.Tests\VitalChoice.Business.Tests.csproj", "{7753DC2A-DB8A-4994-A576-C8F8493B44FF}"
EndProject
Project("{FAE04EC0-301F-11D3-BF4B-00C04F79EFBC}") = "VitalChoice.Data.Tests", "VitalChoice.Data.Tests\VitalChoice.Data.Tests.csproj", "{4288FBF5-1A92-4CA7-B77D-AA9248051199}"
EndProject
Project("{2150E333-8FDC-42A3-9474-1A3956D46DE8}") = "Modeling", "Modeling", "{E8D2ADA1-EE04-4A2F-8522-B4DAB47842FD}"
EndProject
Project("{F088123C-0E9E-452A-89E6-6BA2F21D5CAC}") = "DataBaseModel", "DataBaseModel\DataBaseModel.modelproj", "{913F0CD0-43B1-4AB9-9B3D-E6B428CA1882}"
EndProject
Global
	GlobalSection(SolutionConfigurationPlatforms) = preSolution
		Debug|Any CPU = Debug|Any CPU
		Release|Any CPU = Release|Any CPU
	EndGlobalSection
	GlobalSection(ProjectConfigurationPlatforms) = postSolution
		{6DF85F20-7D8E-4DB9-BAA7-A1FA071D403A}.Debug|Any CPU.ActiveCfg = Debug|Any CPU
		{6DF85F20-7D8E-4DB9-BAA7-A1FA071D403A}.Debug|Any CPU.Build.0 = Debug|Any CPU
		{6DF85F20-7D8E-4DB9-BAA7-A1FA071D403A}.Release|Any CPU.ActiveCfg = Release|Any CPU
		{6DF85F20-7D8E-4DB9-BAA7-A1FA071D403A}.Release|Any CPU.Build.0 = Release|Any CPU
		{9632C257-499D-439C-BBD7-1AC5FB93D7D5}.Debug|Any CPU.ActiveCfg = Debug|Any CPU
		{9632C257-499D-439C-BBD7-1AC5FB93D7D5}.Debug|Any CPU.Build.0 = Debug|Any CPU
		{9632C257-499D-439C-BBD7-1AC5FB93D7D5}.Release|Any CPU.ActiveCfg = Release|Any CPU
		{9632C257-499D-439C-BBD7-1AC5FB93D7D5}.Release|Any CPU.Build.0 = Release|Any CPU
		{ADA697F2-B268-4630-B25F-AB585DFB643C}.Debug|Any CPU.ActiveCfg = Debug|Any CPU
		{ADA697F2-B268-4630-B25F-AB585DFB643C}.Debug|Any CPU.Build.0 = Debug|Any CPU
		{ADA697F2-B268-4630-B25F-AB585DFB643C}.Release|Any CPU.ActiveCfg = Release|Any CPU
		{ADA697F2-B268-4630-B25F-AB585DFB643C}.Release|Any CPU.Build.0 = Release|Any CPU
		{17F62BF4-49C6-4C72-8E58-F8C16C9D87AC}.Debug|Any CPU.ActiveCfg = Debug|Any CPU
		{17F62BF4-49C6-4C72-8E58-F8C16C9D87AC}.Debug|Any CPU.Build.0 = Debug|Any CPU
		{17F62BF4-49C6-4C72-8E58-F8C16C9D87AC}.Release|Any CPU.ActiveCfg = Release|Any CPU
		{17F62BF4-49C6-4C72-8E58-F8C16C9D87AC}.Release|Any CPU.Build.0 = Release|Any CPU
		{1F321640-EB21-42E4-8946-0B824D633CEE}.Debug|Any CPU.ActiveCfg = Debug|Any CPU
		{1F321640-EB21-42E4-8946-0B824D633CEE}.Debug|Any CPU.Build.0 = Debug|Any CPU
		{1F321640-EB21-42E4-8946-0B824D633CEE}.Release|Any CPU.ActiveCfg = Release|Any CPU
		{1F321640-EB21-42E4-8946-0B824D633CEE}.Release|Any CPU.Build.0 = Release|Any CPU
		{7E469C2C-AA10-4112-83A6-EA6A38A0223A}.Debug|Any CPU.ActiveCfg = Debug|Any CPU
		{7E469C2C-AA10-4112-83A6-EA6A38A0223A}.Debug|Any CPU.Build.0 = Debug|Any CPU
		{7E469C2C-AA10-4112-83A6-EA6A38A0223A}.Release|Any CPU.ActiveCfg = Release|Any CPU
		{7E469C2C-AA10-4112-83A6-EA6A38A0223A}.Release|Any CPU.Build.0 = Release|Any CPU
		{25852B2B-D00C-4E6A-A77E-555192414447}.Debug|Any CPU.ActiveCfg = Debug|Any CPU
		{25852B2B-D00C-4E6A-A77E-555192414447}.Debug|Any CPU.Build.0 = Debug|Any CPU
		{25852B2B-D00C-4E6A-A77E-555192414447}.Release|Any CPU.ActiveCfg = Release|Any CPU
		{25852B2B-D00C-4E6A-A77E-555192414447}.Release|Any CPU.Build.0 = Release|Any CPU
		{7753DC2A-DB8A-4994-A576-C8F8493B44FF}.Debug|Any CPU.ActiveCfg = Debug|Any CPU
		{7753DC2A-DB8A-4994-A576-C8F8493B44FF}.Debug|Any CPU.Build.0 = Debug|Any CPU
		{7753DC2A-DB8A-4994-A576-C8F8493B44FF}.Release|Any CPU.ActiveCfg = Release|Any CPU
		{7753DC2A-DB8A-4994-A576-C8F8493B44FF}.Release|Any CPU.Build.0 = Release|Any CPU
		{4288FBF5-1A92-4CA7-B77D-AA9248051199}.Debug|Any CPU.ActiveCfg = Debug|Any CPU
		{4288FBF5-1A92-4CA7-B77D-AA9248051199}.Debug|Any CPU.Build.0 = Debug|Any CPU
		{4288FBF5-1A92-4CA7-B77D-AA9248051199}.Release|Any CPU.ActiveCfg = Release|Any CPU
		{4288FBF5-1A92-4CA7-B77D-AA9248051199}.Release|Any CPU.Build.0 = Release|Any CPU
		{913F0CD0-43B1-4AB9-9B3D-E6B428CA1882}.Debug|Any CPU.ActiveCfg = Debug|Any CPU
		{913F0CD0-43B1-4AB9-9B3D-E6B428CA1882}.Debug|Any CPU.Build.0 = Debug|Any CPU
		{913F0CD0-43B1-4AB9-9B3D-E6B428CA1882}.Release|Any CPU.ActiveCfg = Release|Any CPU
		{913F0CD0-43B1-4AB9-9B3D-E6B428CA1882}.Release|Any CPU.Build.0 = Release|Any CPU
	EndGlobalSection
	GlobalSection(SolutionProperties) = preSolution
		HideSolutionNode = FALSE
	EndGlobalSection
	GlobalSection(NestedProjects) = preSolution
		{6DF85F20-7D8E-4DB9-BAA7-A1FA071D403A} = {DDF62098-78D4-4AAF-B25F-84EEB32C65DE}
		{9632C257-499D-439C-BBD7-1AC5FB93D7D5} = {DDF62098-78D4-4AAF-B25F-84EEB32C65DE}
		{ADA697F2-B268-4630-B25F-AB585DFB643C} = {DDF62098-78D4-4AAF-B25F-84EEB32C65DE}
		{17F62BF4-49C6-4C72-8E58-F8C16C9D87AC} = {DDF62098-78D4-4AAF-B25F-84EEB32C65DE}
		{1F321640-EB21-42E4-8946-0B824D633CEE} = {DDF62098-78D4-4AAF-B25F-84EEB32C65DE}
		{7E469C2C-AA10-4112-83A6-EA6A38A0223A} = {DDF62098-78D4-4AAF-B25F-84EEB32C65DE}
		{25852B2B-D00C-4E6A-A77E-555192414447} = {DDF62098-78D4-4AAF-B25F-84EEB32C65DE}
		{B12C3C32-D25B-4D9A-A228-ED6D1ECA1197} = {DDF62098-78D4-4AAF-B25F-84EEB32C65DE}
		{7753DC2A-DB8A-4994-A576-C8F8493B44FF} = {B12C3C32-D25B-4D9A-A228-ED6D1ECA1197}
		{4288FBF5-1A92-4CA7-B77D-AA9248051199} = {B12C3C32-D25B-4D9A-A228-ED6D1ECA1197}
		{E8D2ADA1-EE04-4A2F-8522-B4DAB47842FD} = {DDF62098-78D4-4AAF-B25F-84EEB32C65DE}
		{913F0CD0-43B1-4AB9-9B3D-E6B428CA1882} = {E8D2ADA1-EE04-4A2F-8522-B4DAB47842FD}
	EndGlobalSection
EndGlobal
