
Microsoft Visual Studio Solution File, Format Version 12.00
# Visual Studio 14
VisualStudioVersion = 14.0.24720.0
MinimumVisualStudioVersion = 10.0.40219.1
Project("{8BB2217D-0F2D-49D1-97BC-3654ED321F3B}") = "VitalChoice.Data", "src\VitalChoice.Data\VitalChoice.Data.xproj", "{E9B8CD81-EC30-494B-A111-44D3FB77D20D}"
EndProject
Project("{8BB2217D-0F2D-49D1-97BC-3654ED321F3B}") = "VitalChoice.Infrastructure", "src\VitalChoice.Infrastructure\VitalChoice.Infrastructure.xproj", "{FAF3B0D8-3E00-4901-8EFE-ED7029FEA3D7}"
	ProjectSection(ProjectDependencies) = postProject
		{E9B8CD81-EC30-494B-A111-44D3FB77D20D} = {E9B8CD81-EC30-494B-A111-44D3FB77D20D}
	EndProjectSection
EndProject
Project("{8BB2217D-0F2D-49D1-97BC-3654ED321F3B}") = "VitalChoice.Core", "src\VitalChoice.Core\VitalChoice.Core.xproj", "{A45FADFE-6B80-43B7-9A2F-AA766F3480B0}"
	ProjectSection(ProjectDependencies) = postProject
		{E9B8CD81-EC30-494B-A111-44D3FB77D20D} = {E9B8CD81-EC30-494B-A111-44D3FB77D20D}
		{79BDB4CD-1526-48F9-9964-DC433AD6548C} = {79BDB4CD-1526-48F9-9964-DC433AD6548C}
		{FAF3B0D8-3E00-4901-8EFE-ED7029FEA3D7} = {FAF3B0D8-3E00-4901-8EFE-ED7029FEA3D7}
	EndProjectSection
EndProject
Project("{2150E333-8FDC-42A3-9474-1A3956D46DE8}") = "src", "src", "{FE1D5CD3-4181-4B60-A4F3-66AC9C8DC333}"
	ProjectSection(SolutionItems) = preProject
		src\nlog.config = src\nlog.config
	EndProjectSection
EndProject
Project("{2150E333-8FDC-42A3-9474-1A3956D46DE8}") = "Solution Items", "Solution Items", "{B879DD49-6DC2-4527-8FA2-A43136C56929}"
	ProjectSection(SolutionItems) = preProject
		global.json = global.json
	EndProjectSection
	ProjectSection(FolderGlobals) = preProject
		global_1json__JSONSchema = http://json.schemastore.org/global
	EndProjectSection
EndProject
Project("{00D1A9C2-B5F0-4AF3-8072-F6C62B433612}") = "VitalChoice.Database.Infrastructure", "src\VitalChoice.Database.Infrastructure\VitalChoice.Database.Infrastructure.sqlproj", "{D6DA9079-67FE-4CFE-98CB-3711C8313E88}"
EndProject
Project("{00D1A9C2-B5F0-4AF3-8072-F6C62B433612}") = "VitalChoice.Database.Ecommerce", "src\VitalChoice.Database.Ecommerce\VitalChoice.Database.Ecommerce.sqlproj", "{3B44A066-17A4-46D2-B7D1-7E67BA6AA8D0}"
EndProject
Project("{2150E333-8FDC-42A3-9474-1A3956D46DE8}") = "Database", "Database", "{3B3E46E5-2CFB-4D1D-8DEF-4B47C5EF6055}"
EndProject
Project("{8BB2217D-0F2D-49D1-97BC-3654ED321F3B}") = "VitalChoice.Business", "src\VitalChoice.Business\VitalChoice.Business.xproj", "{79BDB4CD-1526-48F9-9964-DC433AD6548C}"
EndProject
Project("{2150E333-8FDC-42A3-9474-1A3956D46DE8}") = "deploy", "deploy", "{BEC47AD2-C420-4C81-A32E-2229FAC8C5CA}"
	ProjectSection(SolutionItems) = preProject
		deploy\build-all.cmd = deploy\build-all.cmd
		deploy\build-only.ps1 = deploy\build-only.ps1
		..\vc-certs\create_certs.cmd = ..\vc-certs\create_certs.cmd
		deploy\exclude_projects.ps1 = deploy\exclude_projects.ps1
		deploy\functions.ps1 = deploy\functions.ps1
		deploy\global-deploy.ps1 = deploy\global-deploy.ps1
		deploy\run-all-published.ps1 = deploy\run-all-published.ps1
	EndProjectSection
EndProject
Project("{2150E333-8FDC-42A3-9474-1A3956D46DE8}") = "update-dnx", "update-dnx", "{82696B3D-EE83-49A0-B389-BC86ECF43930}"
	ProjectSection(SolutionItems) = preProject
		deploy\update-dnx\update-all-runtimes.ps1 = deploy\update-dnx\update-all-runtimes.ps1
		deploy\update-dnx\update-all.cmd = deploy\update-dnx\update-all.cmd
	EndProjectSection
EndProject
Project("{8BB2217D-0F2D-49D1-97BC-3654ED321F3B}") = "VitalChoice.Workflow", "src\VitalChoice.Workflow\VitalChoice.Workflow.xproj", "{040DC8D8-338F-48C0-BFF7-67B6D30F3914}"
EndProject
Project("{8BB2217D-0F2D-49D1-97BC-3654ED321F3B}") = "VitalChoice.Interfaces", "src\VitalChoice.Interfaces\VitalChoice.Interfaces.xproj", "{6AFF09BC-F32E-4ABC-99B7-5010A4A5CB59}"
EndProject
Project("{8BB2217D-0F2D-49D1-97BC-3654ED321F3B}") = "VitalChoice.Validation", "src\VitalChoice.Validation\VitalChoice.Validation.xproj", "{E2CA7CD6-71C9-47F1-8BE2-CDC5C368FD3A}"
EndProject
Project("{8BB2217D-0F2D-49D1-97BC-3654ED321F3B}") = "VitalChoice.DynamicData", "src\VitalChoice.DynamicData\VitalChoice.DynamicData.xproj", "{8D005F15-ECDC-415B-817B-ECC919FB36CC}"
EndProject
Project("{2150E333-8FDC-42A3-9474-1A3956D46DE8}") = "ThirdParty", "ThirdParty", "{C300EB91-CC66-4E9B-AFAC-B54190B72527}"
EndProject
Project("{8BB2217D-0F2D-49D1-97BC-3654ED321F3B}") = "VC.Admin", "src\VC.Admin\VC.Admin.xproj", "{8B12D22B-A763-4BB5-8B63-D58155779846}"
EndProject
Project("{8BB2217D-0F2D-49D1-97BC-3654ED321F3B}") = "VC.Public", "src\VC.Public\VC.Public.xproj", "{08B600B7-5F90-4B9F-ABED-654EE8DC6167}"
EndProject
Project("{8BB2217D-0F2D-49D1-97BC-3654ED321F3B}") = "FluentValidation", "src\ThirdParty\FluentValidation\FluentValidation.xproj", "{33895E3B-410F-4465-A1C4-8FABB6C0AA2A}"
EndProject
Project("{8BB2217D-0F2D-49D1-97BC-3654ED321F3B}") = "VitalChoice.Workflow.Configuration", "src\VitalChoice.Workflow.Configuration\VitalChoice.Workflow.Configuration.xproj", "{7023482F-79DB-4C0D-AD3D-7591C6B16550}"
EndProject
Project("{8BB2217D-0F2D-49D1-97BC-3654ED321F3B}") = "Avalara.Avatax.Rest", "src\ThirdParty\Avalara.Avatax.Rest\Avalara.Avatax.Rest.xproj", "{553CADEB-6C7A-4DC8-9F27-48DFBC4CC972}"
EndProject
Project("{8BB2217D-0F2D-49D1-97BC-3654ED321F3B}") = "CsvHelper", "src\ThirdParty\CsvHelper\CsvHelper.xproj", "{AF977E74-364C-495E-A841-2C415A76EBAE}"
EndProject
Project("{8BB2217D-0F2D-49D1-97BC-3654ED321F3B}") = "VitalChoice.SharedWeb", "src\VitalChoice.SharedWeb\VitalChoice.SharedWeb.xproj", "{C59FD1F8-6950-433C-8208-E7935F9BD02E}"
EndProject
Project("{8BB2217D-0F2D-49D1-97BC-3654ED321F3B}") = "VitalChoice.ContentProcessing", "src\VitalChoice.ContentProcessing\VitalChoice.ContentProcessing.xproj", "{61A557E7-522B-4CD6-AC0C-A6268428A019}"
EndProject
Project("{8BB2217D-0F2D-49D1-97BC-3654ED321F3B}") = "cloudscribe.Web.Pagination", "src\ThirdParty\cloudscribe.Web.Pagination\cloudscribe.Web.Pagination.xproj", "{594C7D07-93AE-4B3E-A513-47F1C4372163}"
EndProject
Project("{2150E333-8FDC-42A3-9474-1A3956D46DE8}") = "Base", "Base", "{F04F1F6B-2770-45F3-B1F9-475140BEFC41}"
EndProject
Project("{8BB2217D-0F2D-49D1-97BC-3654ED321F3B}") = "VitalChoice.Ecommerce.Domain", "src\VitalChoice.Ecommerce.Domain\VitalChoice.Ecommerce.Domain.xproj", "{22668A19-E379-4023-9A06-EA202989D304}"
EndProject
Project("{8BB2217D-0F2D-49D1-97BC-3654ED321F3B}") = "VitalChoice.Infrastructure.Domain", "src\VitalChoice.Infrastructure.Domain\VitalChoice.Infrastructure.Domain.xproj", "{8C6CC443-48AA-4184-8EAD-547571C9F395}"
EndProject
Project("{8BB2217D-0F2D-49D1-97BC-3654ED321F3B}") = "VitalChoice.Ecommerce", "src\VitalChoice.Ecommerce\VitalChoice.Ecommerce.xproj", "{EFCC0E97-01B4-4689-8DEC-58C1107C0424}"
EndProject
Project("{2150E333-8FDC-42A3-9474-1A3956D46DE8}") = "AzureServices", "AzureServices", "{FE4DE507-693E-40FA-9AC7-E715AC28866F}"
EndProject
Project("{CC5FD16D-436D-48AD-A40C-5A424C6E3E79}") = "ExportService", "src\ExportService\ExportService.ccproj", "{A666AFB4-0995-4CEB-AA5A-81E959322DAE}"
EndProject
Project("{8BB2217D-0F2D-49D1-97BC-3654ED321F3B}") = "ExportWorkerRoleWithSBQueue", "src\ExportWorkerRoleWithSBQueue\ExportWorkerRoleWithSBQueue.xproj", "{59BEFC7A-2594-4BCE-9C14-00041D455837}"
EndProject
Project("{8BB2217D-0F2D-49D1-97BC-3654ED321F3B}") = "SharpSerializer", "src\ThirdParty\SharpSerializer\SharpSerializer.xproj", "{D404CC52-CA10-4B3B-8E6A-16CD91EE1284}"
EndProject
Project("{8BB2217D-0F2D-49D1-97BC-3654ED321F3B}") = "VitalChoice.CertificatesStoreImport", "src\VitalChoice.CertificatesStoreImport\VitalChoice.CertificatesStoreImport.xproj", "{7ECEF09D-7546-49C5-901B-1FA3A9BAB28F}"
EndProject
Project("{8BB2217D-0F2D-49D1-97BC-3654ED321F3B}") = "WorkerBuilder", "src\WorkerBuilder\WorkerBuilder.xproj", "{A396A8E4-2851-4B41-9CD8-9E430D551A73}"
EndProject
Project("{FAE04EC0-301F-11D3-BF4B-00C04F79EFBC}") = "ExportWorker", "src\ExportWorker\ExportWorker.csproj", "{50D88950-B576-4D70-8EF0-529987EACD63}"
EndProject
Project("{8BB2217D-0F2D-49D1-97BC-3654ED321F3B}") = "Azure.ApplicationHost", "src\ThirdParty\Azure.ApplicationHost\Azure.ApplicationHost.xproj", "{7829F696-AFC4-4011-B9DE-6F1C24846D67}"
EndProject
Global
	GlobalSection(SolutionConfigurationPlatforms) = preSolution
		Debug|Any CPU = Debug|Any CPU
		Debug|x64 = Debug|x64
		Release|Any CPU = Release|Any CPU
		Release|x64 = Release|x64
	EndGlobalSection
	GlobalSection(ProjectConfigurationPlatforms) = postSolution
		{E9B8CD81-EC30-494B-A111-44D3FB77D20D}.Debug|Any CPU.ActiveCfg = Debug|Any CPU
		{E9B8CD81-EC30-494B-A111-44D3FB77D20D}.Debug|Any CPU.Build.0 = Debug|Any CPU
		{E9B8CD81-EC30-494B-A111-44D3FB77D20D}.Debug|x64.ActiveCfg = Debug|Any CPU
		{E9B8CD81-EC30-494B-A111-44D3FB77D20D}.Debug|x64.Build.0 = Debug|Any CPU
		{E9B8CD81-EC30-494B-A111-44D3FB77D20D}.Release|Any CPU.ActiveCfg = Release|Any CPU
		{E9B8CD81-EC30-494B-A111-44D3FB77D20D}.Release|Any CPU.Build.0 = Release|Any CPU
		{E9B8CD81-EC30-494B-A111-44D3FB77D20D}.Release|x64.ActiveCfg = Release|Any CPU
		{E9B8CD81-EC30-494B-A111-44D3FB77D20D}.Release|x64.Build.0 = Release|Any CPU
		{FAF3B0D8-3E00-4901-8EFE-ED7029FEA3D7}.Debug|Any CPU.ActiveCfg = Debug|Any CPU
		{FAF3B0D8-3E00-4901-8EFE-ED7029FEA3D7}.Debug|Any CPU.Build.0 = Debug|Any CPU
		{FAF3B0D8-3E00-4901-8EFE-ED7029FEA3D7}.Debug|x64.ActiveCfg = Debug|Any CPU
		{FAF3B0D8-3E00-4901-8EFE-ED7029FEA3D7}.Debug|x64.Build.0 = Debug|Any CPU
		{FAF3B0D8-3E00-4901-8EFE-ED7029FEA3D7}.Release|Any CPU.ActiveCfg = Release|Any CPU
		{FAF3B0D8-3E00-4901-8EFE-ED7029FEA3D7}.Release|Any CPU.Build.0 = Release|Any CPU
		{FAF3B0D8-3E00-4901-8EFE-ED7029FEA3D7}.Release|x64.ActiveCfg = Release|Any CPU
		{FAF3B0D8-3E00-4901-8EFE-ED7029FEA3D7}.Release|x64.Build.0 = Release|Any CPU
		{A45FADFE-6B80-43B7-9A2F-AA766F3480B0}.Debug|Any CPU.ActiveCfg = Debug|Any CPU
		{A45FADFE-6B80-43B7-9A2F-AA766F3480B0}.Debug|Any CPU.Build.0 = Debug|Any CPU
		{A45FADFE-6B80-43B7-9A2F-AA766F3480B0}.Debug|x64.ActiveCfg = Debug|Any CPU
		{A45FADFE-6B80-43B7-9A2F-AA766F3480B0}.Debug|x64.Build.0 = Debug|Any CPU
		{A45FADFE-6B80-43B7-9A2F-AA766F3480B0}.Release|Any CPU.ActiveCfg = Release|Any CPU
		{A45FADFE-6B80-43B7-9A2F-AA766F3480B0}.Release|Any CPU.Build.0 = Release|Any CPU
		{A45FADFE-6B80-43B7-9A2F-AA766F3480B0}.Release|x64.ActiveCfg = Release|Any CPU
		{A45FADFE-6B80-43B7-9A2F-AA766F3480B0}.Release|x64.Build.0 = Release|Any CPU
		{D6DA9079-67FE-4CFE-98CB-3711C8313E88}.Debug|Any CPU.ActiveCfg = Debug|Any CPU
		{D6DA9079-67FE-4CFE-98CB-3711C8313E88}.Debug|Any CPU.Build.0 = Debug|Any CPU
		{D6DA9079-67FE-4CFE-98CB-3711C8313E88}.Debug|x64.ActiveCfg = Debug|Any CPU
		{D6DA9079-67FE-4CFE-98CB-3711C8313E88}.Debug|x64.Build.0 = Debug|Any CPU
		{D6DA9079-67FE-4CFE-98CB-3711C8313E88}.Release|Any CPU.ActiveCfg = Release|Any CPU
		{D6DA9079-67FE-4CFE-98CB-3711C8313E88}.Release|Any CPU.Build.0 = Release|Any CPU
		{D6DA9079-67FE-4CFE-98CB-3711C8313E88}.Release|x64.ActiveCfg = Release|Any CPU
		{D6DA9079-67FE-4CFE-98CB-3711C8313E88}.Release|x64.Build.0 = Release|Any CPU
		{3B44A066-17A4-46D2-B7D1-7E67BA6AA8D0}.Debug|Any CPU.ActiveCfg = Debug|Any CPU
		{3B44A066-17A4-46D2-B7D1-7E67BA6AA8D0}.Debug|Any CPU.Build.0 = Debug|Any CPU
		{3B44A066-17A4-46D2-B7D1-7E67BA6AA8D0}.Debug|x64.ActiveCfg = Debug|Any CPU
		{3B44A066-17A4-46D2-B7D1-7E67BA6AA8D0}.Debug|x64.Build.0 = Debug|Any CPU
		{3B44A066-17A4-46D2-B7D1-7E67BA6AA8D0}.Release|Any CPU.ActiveCfg = Release|Any CPU
		{3B44A066-17A4-46D2-B7D1-7E67BA6AA8D0}.Release|Any CPU.Build.0 = Release|Any CPU
		{3B44A066-17A4-46D2-B7D1-7E67BA6AA8D0}.Release|x64.ActiveCfg = Release|Any CPU
		{3B44A066-17A4-46D2-B7D1-7E67BA6AA8D0}.Release|x64.Build.0 = Release|Any CPU
		{79BDB4CD-1526-48F9-9964-DC433AD6548C}.Debug|Any CPU.ActiveCfg = Debug|Any CPU
		{79BDB4CD-1526-48F9-9964-DC433AD6548C}.Debug|Any CPU.Build.0 = Debug|Any CPU
		{79BDB4CD-1526-48F9-9964-DC433AD6548C}.Debug|x64.ActiveCfg = Debug|Any CPU
		{79BDB4CD-1526-48F9-9964-DC433AD6548C}.Debug|x64.Build.0 = Debug|Any CPU
		{79BDB4CD-1526-48F9-9964-DC433AD6548C}.Release|Any CPU.ActiveCfg = Release|Any CPU
		{79BDB4CD-1526-48F9-9964-DC433AD6548C}.Release|Any CPU.Build.0 = Release|Any CPU
		{79BDB4CD-1526-48F9-9964-DC433AD6548C}.Release|x64.ActiveCfg = Release|Any CPU
		{79BDB4CD-1526-48F9-9964-DC433AD6548C}.Release|x64.Build.0 = Release|Any CPU
		{040DC8D8-338F-48C0-BFF7-67B6D30F3914}.Debug|Any CPU.ActiveCfg = Debug|Any CPU
		{040DC8D8-338F-48C0-BFF7-67B6D30F3914}.Debug|Any CPU.Build.0 = Debug|Any CPU
		{040DC8D8-338F-48C0-BFF7-67B6D30F3914}.Debug|x64.ActiveCfg = Debug|Any CPU
		{040DC8D8-338F-48C0-BFF7-67B6D30F3914}.Debug|x64.Build.0 = Debug|Any CPU
		{040DC8D8-338F-48C0-BFF7-67B6D30F3914}.Release|Any CPU.ActiveCfg = Release|Any CPU
		{040DC8D8-338F-48C0-BFF7-67B6D30F3914}.Release|Any CPU.Build.0 = Release|Any CPU
		{040DC8D8-338F-48C0-BFF7-67B6D30F3914}.Release|x64.ActiveCfg = Release|Any CPU
		{040DC8D8-338F-48C0-BFF7-67B6D30F3914}.Release|x64.Build.0 = Release|Any CPU
		{6AFF09BC-F32E-4ABC-99B7-5010A4A5CB59}.Debug|Any CPU.ActiveCfg = Debug|Any CPU
		{6AFF09BC-F32E-4ABC-99B7-5010A4A5CB59}.Debug|Any CPU.Build.0 = Debug|Any CPU
		{6AFF09BC-F32E-4ABC-99B7-5010A4A5CB59}.Debug|x64.ActiveCfg = Debug|Any CPU
		{6AFF09BC-F32E-4ABC-99B7-5010A4A5CB59}.Debug|x64.Build.0 = Debug|Any CPU
		{6AFF09BC-F32E-4ABC-99B7-5010A4A5CB59}.Release|Any CPU.ActiveCfg = Release|Any CPU
		{6AFF09BC-F32E-4ABC-99B7-5010A4A5CB59}.Release|Any CPU.Build.0 = Release|Any CPU
		{6AFF09BC-F32E-4ABC-99B7-5010A4A5CB59}.Release|x64.ActiveCfg = Release|Any CPU
		{6AFF09BC-F32E-4ABC-99B7-5010A4A5CB59}.Release|x64.Build.0 = Release|Any CPU
		{E2CA7CD6-71C9-47F1-8BE2-CDC5C368FD3A}.Debug|Any CPU.ActiveCfg = Debug|Any CPU
		{E2CA7CD6-71C9-47F1-8BE2-CDC5C368FD3A}.Debug|Any CPU.Build.0 = Debug|Any CPU
		{E2CA7CD6-71C9-47F1-8BE2-CDC5C368FD3A}.Debug|x64.ActiveCfg = Debug|Any CPU
		{E2CA7CD6-71C9-47F1-8BE2-CDC5C368FD3A}.Debug|x64.Build.0 = Debug|Any CPU
		{E2CA7CD6-71C9-47F1-8BE2-CDC5C368FD3A}.Release|Any CPU.ActiveCfg = Release|Any CPU
		{E2CA7CD6-71C9-47F1-8BE2-CDC5C368FD3A}.Release|Any CPU.Build.0 = Release|Any CPU
		{E2CA7CD6-71C9-47F1-8BE2-CDC5C368FD3A}.Release|x64.ActiveCfg = Release|Any CPU
		{E2CA7CD6-71C9-47F1-8BE2-CDC5C368FD3A}.Release|x64.Build.0 = Release|Any CPU
		{8D005F15-ECDC-415B-817B-ECC919FB36CC}.Debug|Any CPU.ActiveCfg = Debug|Any CPU
		{8D005F15-ECDC-415B-817B-ECC919FB36CC}.Debug|Any CPU.Build.0 = Debug|Any CPU
		{8D005F15-ECDC-415B-817B-ECC919FB36CC}.Debug|x64.ActiveCfg = Debug|Any CPU
		{8D005F15-ECDC-415B-817B-ECC919FB36CC}.Debug|x64.Build.0 = Debug|Any CPU
		{8D005F15-ECDC-415B-817B-ECC919FB36CC}.Release|Any CPU.ActiveCfg = Release|Any CPU
		{8D005F15-ECDC-415B-817B-ECC919FB36CC}.Release|Any CPU.Build.0 = Release|Any CPU
		{8D005F15-ECDC-415B-817B-ECC919FB36CC}.Release|x64.ActiveCfg = Release|Any CPU
		{8D005F15-ECDC-415B-817B-ECC919FB36CC}.Release|x64.Build.0 = Release|Any CPU
		{8B12D22B-A763-4BB5-8B63-D58155779846}.Debug|Any CPU.ActiveCfg = Debug|Any CPU
		{8B12D22B-A763-4BB5-8B63-D58155779846}.Debug|Any CPU.Build.0 = Debug|Any CPU
		{8B12D22B-A763-4BB5-8B63-D58155779846}.Debug|x64.ActiveCfg = Debug|Any CPU
		{8B12D22B-A763-4BB5-8B63-D58155779846}.Debug|x64.Build.0 = Debug|Any CPU
		{8B12D22B-A763-4BB5-8B63-D58155779846}.Release|Any CPU.ActiveCfg = Release|Any CPU
		{8B12D22B-A763-4BB5-8B63-D58155779846}.Release|Any CPU.Build.0 = Release|Any CPU
		{8B12D22B-A763-4BB5-8B63-D58155779846}.Release|x64.ActiveCfg = Release|Any CPU
		{8B12D22B-A763-4BB5-8B63-D58155779846}.Release|x64.Build.0 = Release|Any CPU
		{08B600B7-5F90-4B9F-ABED-654EE8DC6167}.Debug|Any CPU.ActiveCfg = Debug|Any CPU
		{08B600B7-5F90-4B9F-ABED-654EE8DC6167}.Debug|Any CPU.Build.0 = Debug|Any CPU
		{08B600B7-5F90-4B9F-ABED-654EE8DC6167}.Debug|x64.ActiveCfg = Debug|Any CPU
		{08B600B7-5F90-4B9F-ABED-654EE8DC6167}.Debug|x64.Build.0 = Debug|Any CPU
		{08B600B7-5F90-4B9F-ABED-654EE8DC6167}.Release|Any CPU.ActiveCfg = Release|Any CPU
		{08B600B7-5F90-4B9F-ABED-654EE8DC6167}.Release|Any CPU.Build.0 = Release|Any CPU
		{08B600B7-5F90-4B9F-ABED-654EE8DC6167}.Release|x64.ActiveCfg = Release|Any CPU
		{08B600B7-5F90-4B9F-ABED-654EE8DC6167}.Release|x64.Build.0 = Release|Any CPU
		{33895E3B-410F-4465-A1C4-8FABB6C0AA2A}.Debug|Any CPU.ActiveCfg = Debug|Any CPU
		{33895E3B-410F-4465-A1C4-8FABB6C0AA2A}.Debug|Any CPU.Build.0 = Debug|Any CPU
		{33895E3B-410F-4465-A1C4-8FABB6C0AA2A}.Debug|x64.ActiveCfg = Debug|Any CPU
		{33895E3B-410F-4465-A1C4-8FABB6C0AA2A}.Debug|x64.Build.0 = Debug|Any CPU
		{33895E3B-410F-4465-A1C4-8FABB6C0AA2A}.Release|Any CPU.ActiveCfg = Release|Any CPU
		{33895E3B-410F-4465-A1C4-8FABB6C0AA2A}.Release|Any CPU.Build.0 = Release|Any CPU
		{33895E3B-410F-4465-A1C4-8FABB6C0AA2A}.Release|x64.ActiveCfg = Release|Any CPU
		{33895E3B-410F-4465-A1C4-8FABB6C0AA2A}.Release|x64.Build.0 = Release|Any CPU
		{7023482F-79DB-4C0D-AD3D-7591C6B16550}.Debug|Any CPU.ActiveCfg = Debug|Any CPU
		{7023482F-79DB-4C0D-AD3D-7591C6B16550}.Debug|Any CPU.Build.0 = Debug|Any CPU
		{7023482F-79DB-4C0D-AD3D-7591C6B16550}.Debug|x64.ActiveCfg = Debug|Any CPU
		{7023482F-79DB-4C0D-AD3D-7591C6B16550}.Debug|x64.Build.0 = Debug|Any CPU
		{7023482F-79DB-4C0D-AD3D-7591C6B16550}.Release|Any CPU.ActiveCfg = Release|Any CPU
		{7023482F-79DB-4C0D-AD3D-7591C6B16550}.Release|Any CPU.Build.0 = Release|Any CPU
		{7023482F-79DB-4C0D-AD3D-7591C6B16550}.Release|x64.ActiveCfg = Release|Any CPU
		{7023482F-79DB-4C0D-AD3D-7591C6B16550}.Release|x64.Build.0 = Release|Any CPU
		{553CADEB-6C7A-4DC8-9F27-48DFBC4CC972}.Debug|Any CPU.ActiveCfg = Debug|Any CPU
		{553CADEB-6C7A-4DC8-9F27-48DFBC4CC972}.Debug|Any CPU.Build.0 = Debug|Any CPU
		{553CADEB-6C7A-4DC8-9F27-48DFBC4CC972}.Debug|x64.ActiveCfg = Debug|Any CPU
		{553CADEB-6C7A-4DC8-9F27-48DFBC4CC972}.Debug|x64.Build.0 = Debug|Any CPU
		{553CADEB-6C7A-4DC8-9F27-48DFBC4CC972}.Release|Any CPU.ActiveCfg = Release|Any CPU
		{553CADEB-6C7A-4DC8-9F27-48DFBC4CC972}.Release|Any CPU.Build.0 = Release|Any CPU
		{553CADEB-6C7A-4DC8-9F27-48DFBC4CC972}.Release|x64.ActiveCfg = Release|Any CPU
		{553CADEB-6C7A-4DC8-9F27-48DFBC4CC972}.Release|x64.Build.0 = Release|Any CPU
		{AF977E74-364C-495E-A841-2C415A76EBAE}.Debug|Any CPU.ActiveCfg = Debug|Any CPU
		{AF977E74-364C-495E-A841-2C415A76EBAE}.Debug|Any CPU.Build.0 = Debug|Any CPU
		{AF977E74-364C-495E-A841-2C415A76EBAE}.Debug|x64.ActiveCfg = Debug|Any CPU
		{AF977E74-364C-495E-A841-2C415A76EBAE}.Debug|x64.Build.0 = Debug|Any CPU
		{AF977E74-364C-495E-A841-2C415A76EBAE}.Release|Any CPU.ActiveCfg = Release|Any CPU
		{AF977E74-364C-495E-A841-2C415A76EBAE}.Release|Any CPU.Build.0 = Release|Any CPU
		{AF977E74-364C-495E-A841-2C415A76EBAE}.Release|x64.ActiveCfg = Release|Any CPU
		{AF977E74-364C-495E-A841-2C415A76EBAE}.Release|x64.Build.0 = Release|Any CPU
		{C59FD1F8-6950-433C-8208-E7935F9BD02E}.Debug|Any CPU.ActiveCfg = Debug|Any CPU
		{C59FD1F8-6950-433C-8208-E7935F9BD02E}.Debug|Any CPU.Build.0 = Debug|Any CPU
		{C59FD1F8-6950-433C-8208-E7935F9BD02E}.Debug|x64.ActiveCfg = Debug|Any CPU
		{C59FD1F8-6950-433C-8208-E7935F9BD02E}.Debug|x64.Build.0 = Debug|Any CPU
		{C59FD1F8-6950-433C-8208-E7935F9BD02E}.Release|Any CPU.ActiveCfg = Release|Any CPU
		{C59FD1F8-6950-433C-8208-E7935F9BD02E}.Release|Any CPU.Build.0 = Release|Any CPU
		{C59FD1F8-6950-433C-8208-E7935F9BD02E}.Release|x64.ActiveCfg = Release|Any CPU
		{C59FD1F8-6950-433C-8208-E7935F9BD02E}.Release|x64.Build.0 = Release|Any CPU
		{61A557E7-522B-4CD6-AC0C-A6268428A019}.Debug|Any CPU.ActiveCfg = Debug|Any CPU
		{61A557E7-522B-4CD6-AC0C-A6268428A019}.Debug|Any CPU.Build.0 = Debug|Any CPU
		{61A557E7-522B-4CD6-AC0C-A6268428A019}.Debug|x64.ActiveCfg = Debug|Any CPU
		{61A557E7-522B-4CD6-AC0C-A6268428A019}.Debug|x64.Build.0 = Debug|Any CPU
		{61A557E7-522B-4CD6-AC0C-A6268428A019}.Release|Any CPU.ActiveCfg = Release|Any CPU
		{61A557E7-522B-4CD6-AC0C-A6268428A019}.Release|Any CPU.Build.0 = Release|Any CPU
		{61A557E7-522B-4CD6-AC0C-A6268428A019}.Release|x64.ActiveCfg = Release|Any CPU
		{61A557E7-522B-4CD6-AC0C-A6268428A019}.Release|x64.Build.0 = Release|Any CPU
		{594C7D07-93AE-4B3E-A513-47F1C4372163}.Debug|Any CPU.ActiveCfg = Debug|Any CPU
		{594C7D07-93AE-4B3E-A513-47F1C4372163}.Debug|Any CPU.Build.0 = Debug|Any CPU
		{594C7D07-93AE-4B3E-A513-47F1C4372163}.Debug|x64.ActiveCfg = Debug|Any CPU
		{594C7D07-93AE-4B3E-A513-47F1C4372163}.Debug|x64.Build.0 = Debug|Any CPU
		{594C7D07-93AE-4B3E-A513-47F1C4372163}.Release|Any CPU.ActiveCfg = Release|Any CPU
		{594C7D07-93AE-4B3E-A513-47F1C4372163}.Release|Any CPU.Build.0 = Release|Any CPU
		{594C7D07-93AE-4B3E-A513-47F1C4372163}.Release|x64.ActiveCfg = Release|Any CPU
		{594C7D07-93AE-4B3E-A513-47F1C4372163}.Release|x64.Build.0 = Release|Any CPU
		{22668A19-E379-4023-9A06-EA202989D304}.Debug|Any CPU.ActiveCfg = Debug|Any CPU
		{22668A19-E379-4023-9A06-EA202989D304}.Debug|Any CPU.Build.0 = Debug|Any CPU
		{22668A19-E379-4023-9A06-EA202989D304}.Debug|x64.ActiveCfg = Debug|Any CPU
		{22668A19-E379-4023-9A06-EA202989D304}.Debug|x64.Build.0 = Debug|Any CPU
		{22668A19-E379-4023-9A06-EA202989D304}.Release|Any CPU.ActiveCfg = Release|Any CPU
		{22668A19-E379-4023-9A06-EA202989D304}.Release|Any CPU.Build.0 = Release|Any CPU
		{22668A19-E379-4023-9A06-EA202989D304}.Release|x64.ActiveCfg = Release|Any CPU
		{22668A19-E379-4023-9A06-EA202989D304}.Release|x64.Build.0 = Release|Any CPU
		{8C6CC443-48AA-4184-8EAD-547571C9F395}.Debug|Any CPU.ActiveCfg = Debug|Any CPU
		{8C6CC443-48AA-4184-8EAD-547571C9F395}.Debug|Any CPU.Build.0 = Debug|Any CPU
		{8C6CC443-48AA-4184-8EAD-547571C9F395}.Debug|x64.ActiveCfg = Debug|Any CPU
		{8C6CC443-48AA-4184-8EAD-547571C9F395}.Debug|x64.Build.0 = Debug|Any CPU
		{8C6CC443-48AA-4184-8EAD-547571C9F395}.Release|Any CPU.ActiveCfg = Release|Any CPU
		{8C6CC443-48AA-4184-8EAD-547571C9F395}.Release|Any CPU.Build.0 = Release|Any CPU
		{8C6CC443-48AA-4184-8EAD-547571C9F395}.Release|x64.ActiveCfg = Release|Any CPU
		{8C6CC443-48AA-4184-8EAD-547571C9F395}.Release|x64.Build.0 = Release|Any CPU
		{EFCC0E97-01B4-4689-8DEC-58C1107C0424}.Debug|Any CPU.ActiveCfg = Debug|Any CPU
		{EFCC0E97-01B4-4689-8DEC-58C1107C0424}.Debug|Any CPU.Build.0 = Debug|Any CPU
		{EFCC0E97-01B4-4689-8DEC-58C1107C0424}.Debug|x64.ActiveCfg = Debug|Any CPU
		{EFCC0E97-01B4-4689-8DEC-58C1107C0424}.Debug|x64.Build.0 = Debug|Any CPU
		{EFCC0E97-01B4-4689-8DEC-58C1107C0424}.Release|Any CPU.ActiveCfg = Release|Any CPU
		{EFCC0E97-01B4-4689-8DEC-58C1107C0424}.Release|Any CPU.Build.0 = Release|Any CPU
		{EFCC0E97-01B4-4689-8DEC-58C1107C0424}.Release|x64.ActiveCfg = Release|Any CPU
		{EFCC0E97-01B4-4689-8DEC-58C1107C0424}.Release|x64.Build.0 = Release|Any CPU
		{A666AFB4-0995-4CEB-AA5A-81E959322DAE}.Debug|Any CPU.ActiveCfg = Debug|Any CPU
		{A666AFB4-0995-4CEB-AA5A-81E959322DAE}.Debug|Any CPU.Build.0 = Debug|Any CPU
		{A666AFB4-0995-4CEB-AA5A-81E959322DAE}.Debug|x64.ActiveCfg = Debug|Any CPU
		{A666AFB4-0995-4CEB-AA5A-81E959322DAE}.Debug|x64.Build.0 = Debug|Any CPU
		{A666AFB4-0995-4CEB-AA5A-81E959322DAE}.Release|Any CPU.ActiveCfg = Release|Any CPU
		{A666AFB4-0995-4CEB-AA5A-81E959322DAE}.Release|Any CPU.Build.0 = Release|Any CPU
		{A666AFB4-0995-4CEB-AA5A-81E959322DAE}.Release|x64.ActiveCfg = Release|Any CPU
		{A666AFB4-0995-4CEB-AA5A-81E959322DAE}.Release|x64.Build.0 = Release|Any CPU
		{59BEFC7A-2594-4BCE-9C14-00041D455837}.Debug|Any CPU.ActiveCfg = Debug|Any CPU
		{59BEFC7A-2594-4BCE-9C14-00041D455837}.Debug|Any CPU.Build.0 = Debug|Any CPU
		{59BEFC7A-2594-4BCE-9C14-00041D455837}.Debug|x64.ActiveCfg = Debug|Any CPU
		{59BEFC7A-2594-4BCE-9C14-00041D455837}.Debug|x64.Build.0 = Debug|Any CPU
		{59BEFC7A-2594-4BCE-9C14-00041D455837}.Release|Any CPU.ActiveCfg = Release|Any CPU
		{59BEFC7A-2594-4BCE-9C14-00041D455837}.Release|Any CPU.Build.0 = Release|Any CPU
		{59BEFC7A-2594-4BCE-9C14-00041D455837}.Release|x64.ActiveCfg = Release|Any CPU
		{59BEFC7A-2594-4BCE-9C14-00041D455837}.Release|x64.Build.0 = Release|Any CPU
		{D404CC52-CA10-4B3B-8E6A-16CD91EE1284}.Debug|Any CPU.ActiveCfg = Debug|Any CPU
		{D404CC52-CA10-4B3B-8E6A-16CD91EE1284}.Debug|Any CPU.Build.0 = Debug|Any CPU
		{D404CC52-CA10-4B3B-8E6A-16CD91EE1284}.Debug|x64.ActiveCfg = Debug|Any CPU
		{D404CC52-CA10-4B3B-8E6A-16CD91EE1284}.Debug|x64.Build.0 = Debug|Any CPU
		{D404CC52-CA10-4B3B-8E6A-16CD91EE1284}.Release|Any CPU.ActiveCfg = Release|Any CPU
		{D404CC52-CA10-4B3B-8E6A-16CD91EE1284}.Release|Any CPU.Build.0 = Release|Any CPU
		{D404CC52-CA10-4B3B-8E6A-16CD91EE1284}.Release|x64.ActiveCfg = Release|Any CPU
		{D404CC52-CA10-4B3B-8E6A-16CD91EE1284}.Release|x64.Build.0 = Release|Any CPU
		{7ECEF09D-7546-49C5-901B-1FA3A9BAB28F}.Debug|Any CPU.ActiveCfg = Debug|Any CPU
		{7ECEF09D-7546-49C5-901B-1FA3A9BAB28F}.Debug|Any CPU.Build.0 = Debug|Any CPU
		{7ECEF09D-7546-49C5-901B-1FA3A9BAB28F}.Debug|x64.ActiveCfg = Debug|Any CPU
		{7ECEF09D-7546-49C5-901B-1FA3A9BAB28F}.Debug|x64.Build.0 = Debug|Any CPU
		{7ECEF09D-7546-49C5-901B-1FA3A9BAB28F}.Release|Any CPU.ActiveCfg = Release|Any CPU
		{7ECEF09D-7546-49C5-901B-1FA3A9BAB28F}.Release|Any CPU.Build.0 = Release|Any CPU
		{7ECEF09D-7546-49C5-901B-1FA3A9BAB28F}.Release|x64.ActiveCfg = Release|Any CPU
		{7ECEF09D-7546-49C5-901B-1FA3A9BAB28F}.Release|x64.Build.0 = Release|Any CPU
		{A396A8E4-2851-4B41-9CD8-9E430D551A73}.Debug|Any CPU.ActiveCfg = Debug|Any CPU
		{A396A8E4-2851-4B41-9CD8-9E430D551A73}.Debug|Any CPU.Build.0 = Debug|Any CPU
		{A396A8E4-2851-4B41-9CD8-9E430D551A73}.Debug|x64.ActiveCfg = Debug|Any CPU
		{A396A8E4-2851-4B41-9CD8-9E430D551A73}.Debug|x64.Build.0 = Debug|Any CPU
		{A396A8E4-2851-4B41-9CD8-9E430D551A73}.Release|Any CPU.ActiveCfg = Release|Any CPU
		{A396A8E4-2851-4B41-9CD8-9E430D551A73}.Release|Any CPU.Build.0 = Release|Any CPU
		{A396A8E4-2851-4B41-9CD8-9E430D551A73}.Release|x64.ActiveCfg = Release|Any CPU
		{A396A8E4-2851-4B41-9CD8-9E430D551A73}.Release|x64.Build.0 = Release|Any CPU
		{50D88950-B576-4D70-8EF0-529987EACD63}.Debug|Any CPU.ActiveCfg = Debug|Any CPU
		{50D88950-B576-4D70-8EF0-529987EACD63}.Debug|Any CPU.Build.0 = Debug|Any CPU
		{50D88950-B576-4D70-8EF0-529987EACD63}.Debug|x64.ActiveCfg = Debug|Any CPU
		{50D88950-B576-4D70-8EF0-529987EACD63}.Debug|x64.Build.0 = Debug|Any CPU
		{50D88950-B576-4D70-8EF0-529987EACD63}.Release|Any CPU.ActiveCfg = Release|Any CPU
		{50D88950-B576-4D70-8EF0-529987EACD63}.Release|Any CPU.Build.0 = Release|Any CPU
		{50D88950-B576-4D70-8EF0-529987EACD63}.Release|x64.ActiveCfg = Release|Any CPU
		{50D88950-B576-4D70-8EF0-529987EACD63}.Release|x64.Build.0 = Release|Any CPU
		{7829F696-AFC4-4011-B9DE-6F1C24846D67}.Debug|Any CPU.ActiveCfg = Debug|Any CPU
		{7829F696-AFC4-4011-B9DE-6F1C24846D67}.Debug|Any CPU.Build.0 = Debug|Any CPU
		{7829F696-AFC4-4011-B9DE-6F1C24846D67}.Debug|x64.ActiveCfg = Debug|Any CPU
		{7829F696-AFC4-4011-B9DE-6F1C24846D67}.Debug|x64.Build.0 = Debug|Any CPU
		{7829F696-AFC4-4011-B9DE-6F1C24846D67}.Release|Any CPU.ActiveCfg = Release|Any CPU
		{7829F696-AFC4-4011-B9DE-6F1C24846D67}.Release|Any CPU.Build.0 = Release|Any CPU
		{7829F696-AFC4-4011-B9DE-6F1C24846D67}.Release|x64.ActiveCfg = Release|Any CPU
		{7829F696-AFC4-4011-B9DE-6F1C24846D67}.Release|x64.Build.0 = Release|Any CPU
	EndGlobalSection
	GlobalSection(SolutionProperties) = preSolution
		HideSolutionNode = FALSE
	EndGlobalSection
	GlobalSection(NestedProjects) = preSolution
		{E9B8CD81-EC30-494B-A111-44D3FB77D20D} = {F04F1F6B-2770-45F3-B1F9-475140BEFC41}
		{FAF3B0D8-3E00-4901-8EFE-ED7029FEA3D7} = {F04F1F6B-2770-45F3-B1F9-475140BEFC41}
		{A45FADFE-6B80-43B7-9A2F-AA766F3480B0} = {FE1D5CD3-4181-4B60-A4F3-66AC9C8DC333}
		{D6DA9079-67FE-4CFE-98CB-3711C8313E88} = {3B3E46E5-2CFB-4D1D-8DEF-4B47C5EF6055}
		{3B44A066-17A4-46D2-B7D1-7E67BA6AA8D0} = {3B3E46E5-2CFB-4D1D-8DEF-4B47C5EF6055}
		{3B3E46E5-2CFB-4D1D-8DEF-4B47C5EF6055} = {FE1D5CD3-4181-4B60-A4F3-66AC9C8DC333}
		{79BDB4CD-1526-48F9-9964-DC433AD6548C} = {FE1D5CD3-4181-4B60-A4F3-66AC9C8DC333}
		{82696B3D-EE83-49A0-B389-BC86ECF43930} = {BEC47AD2-C420-4C81-A32E-2229FAC8C5CA}
		{040DC8D8-338F-48C0-BFF7-67B6D30F3914} = {F04F1F6B-2770-45F3-B1F9-475140BEFC41}
		{6AFF09BC-F32E-4ABC-99B7-5010A4A5CB59} = {F04F1F6B-2770-45F3-B1F9-475140BEFC41}
		{E2CA7CD6-71C9-47F1-8BE2-CDC5C368FD3A} = {F04F1F6B-2770-45F3-B1F9-475140BEFC41}
		{8D005F15-ECDC-415B-817B-ECC919FB36CC} = {F04F1F6B-2770-45F3-B1F9-475140BEFC41}
		{8B12D22B-A763-4BB5-8B63-D58155779846} = {FE1D5CD3-4181-4B60-A4F3-66AC9C8DC333}
		{08B600B7-5F90-4B9F-ABED-654EE8DC6167} = {FE1D5CD3-4181-4B60-A4F3-66AC9C8DC333}
		{33895E3B-410F-4465-A1C4-8FABB6C0AA2A} = {C300EB91-CC66-4E9B-AFAC-B54190B72527}
		{7023482F-79DB-4C0D-AD3D-7591C6B16550} = {F04F1F6B-2770-45F3-B1F9-475140BEFC41}
		{553CADEB-6C7A-4DC8-9F27-48DFBC4CC972} = {FE1D5CD3-4181-4B60-A4F3-66AC9C8DC333}
		{AF977E74-364C-495E-A841-2C415A76EBAE} = {C300EB91-CC66-4E9B-AFAC-B54190B72527}
		{C59FD1F8-6950-433C-8208-E7935F9BD02E} = {FE1D5CD3-4181-4B60-A4F3-66AC9C8DC333}
		{61A557E7-522B-4CD6-AC0C-A6268428A019} = {F04F1F6B-2770-45F3-B1F9-475140BEFC41}
		{594C7D07-93AE-4B3E-A513-47F1C4372163} = {C300EB91-CC66-4E9B-AFAC-B54190B72527}
		{F04F1F6B-2770-45F3-B1F9-475140BEFC41} = {FE1D5CD3-4181-4B60-A4F3-66AC9C8DC333}
		{22668A19-E379-4023-9A06-EA202989D304} = {F04F1F6B-2770-45F3-B1F9-475140BEFC41}
		{8C6CC443-48AA-4184-8EAD-547571C9F395} = {F04F1F6B-2770-45F3-B1F9-475140BEFC41}
		{EFCC0E97-01B4-4689-8DEC-58C1107C0424} = {F04F1F6B-2770-45F3-B1F9-475140BEFC41}
		{FE4DE507-693E-40FA-9AC7-E715AC28866F} = {FE1D5CD3-4181-4B60-A4F3-66AC9C8DC333}
		{A666AFB4-0995-4CEB-AA5A-81E959322DAE} = {FE4DE507-693E-40FA-9AC7-E715AC28866F}
		{59BEFC7A-2594-4BCE-9C14-00041D455837} = {FE4DE507-693E-40FA-9AC7-E715AC28866F}
		{D404CC52-CA10-4B3B-8E6A-16CD91EE1284} = {C300EB91-CC66-4E9B-AFAC-B54190B72527}
		{7ECEF09D-7546-49C5-901B-1FA3A9BAB28F} = {F04F1F6B-2770-45F3-B1F9-475140BEFC41}
		{A396A8E4-2851-4B41-9CD8-9E430D551A73} = {FE4DE507-693E-40FA-9AC7-E715AC28866F}
		{50D88950-B576-4D70-8EF0-529987EACD63} = {FE4DE507-693E-40FA-9AC7-E715AC28866F}
		{7829F696-AFC4-4011-B9DE-6F1C24846D67} = {C300EB91-CC66-4E9B-AFAC-B54190B72527}
	EndGlobalSection
EndGlobal
